
Microsoft Visual Studio Solution File, Format Version 12.00
# Visual Studio Version 16
VisualStudioVersion = 16.0.30309.148
MinimumVisualStudioVersion = 10.0.40219.1
Project("{9A19103F-16F7-4668-BE54-9A1E7A4F7556}") = "D2ROffline", "D2ROffline.csproj", "{93285888-CAB2-4244-8E58-BC8742E1F2DB}"
EndProject
Global
	GlobalSection(SolutionConfigurationPlatforms) = preSolution
		Debug|Any CPU = Debug|Any CPU
		Release|Any CPU = Release|Any CPU
	EndGlobalSection
	GlobalSection(ProjectConfigurationPlatforms) = postSolution
		{93285888-CAB2-4244-8E58-BC8742E1F2DB}.Debug|Any CPU.ActiveCfg = Debug|Any CPU
		{93285888-CAB2-4244-8E58-BC8742E1F2DB}.Debug|Any CPU.Build.0 = Debug|Any CPU
		{93285888-CAB2-4244-8E58-BC8742E1F2DB}.Release|Any CPU.ActiveCfg = Release|Any CPU
		{93285888-CAB2-4244-8E58-BC8742E1F2DB}.Release|Any CPU.Build.0 = Release|Any CPU
	EndGlobalSection
	GlobalSection(SolutionProperties) = preSolution
		HideSolutionNode = FALSE
	EndGlobalSection
	GlobalSection(ExtensibilityGlobals) = postSolution
		SolutionGuid = {02AF42F7-D8E2-49B7-BC9F-DE7AB503E6F3}
	EndGlobalSection
EndGlobal
