
Microsoft Visual Studio Solution File, Format Version 12.00
# Visual Studio Version 16
VisualStudioVersion = 16.0.30309.148
MinimumVisualStudioVersion = 10.0.40219.1
Project("{FAE04EC0-301F-11D3-BF4B-00C04F79EFBC}") = "D2ROffline", "src\D2ROffline.csproj", "{A31B9F8A-7E26-4E3F-B48F-264C2C88B9F1}"
EndProject
Global
	GlobalSection(SolutionConfigurationPlatforms) = preSolution
		Debug|Any CPU = Debug|Any CPU
		Release|Any CPU = Release|Any CPU
	EndGlobalSection
	GlobalSection(ProjectConfigurationPlatforms) = postSolution
		{A31B9F8A-7E26-4E3F-B48F-264C2C88B9F1}.Debug|Any CPU.ActiveCfg = Debug|Any CPU
		{A31B9F8A-7E26-4E3F-B48F-264C2C88B9F1}.Debug|Any CPU.Build.0 = Debug|Any CPU
		{A31B9F8A-7E26-4E3F-B48F-264C2C88B9F1}.Release|Any CPU.ActiveCfg = Release|Any CPU
		{A31B9F8A-7E26-4E3F-B48F-264C2C88B9F1}.Release|Any CPU.Build.0 = Release|Any CPU
	EndGlobalSection
	GlobalSection(SolutionProperties) = preSolution
		HideSolutionNode = FALSE
	EndGlobalSection
	GlobalSection(ExtensibilityGlobals) = postSolution
		SolutionGuid = {27B03672-39BD-4CD6-AAAF-AC0EBCFB88C2}
	EndGlobalSection
EndGlobal
